
Microsoft Visual Studio Solution File, Format Version 12.00
# Visual Studio 15
VisualStudioVersion = 15.0.27130.2020
MinimumVisualStudioVersion = 10.0.40219.1
Project("{FAE04EC0-301F-11D3-BF4B-00C04F79EFBC}") = "HybridSvx", "HybridSvx\HybridSvx.csproj", "{8513400E-F79E-471B-83D9-426A211D8BAB}"
EndProject
Global
	GlobalSection(SolutionConfigurationPlatforms) = preSolution
		Debug|Any CPU = Debug|Any CPU
		Release|Any CPU = Release|Any CPU
	EndGlobalSection
	GlobalSection(ProjectConfigurationPlatforms) = postSolution
		{8513400E-F79E-471B-83D9-426A211D8BAB}.Debug|Any CPU.ActiveCfg = Debug|Any CPU
		{8513400E-F79E-471B-83D9-426A211D8BAB}.Debug|Any CPU.Build.0 = Debug|Any CPU
		{8513400E-F79E-471B-83D9-426A211D8BAB}.Release|Any CPU.ActiveCfg = Release|Any CPU
		{8513400E-F79E-471B-83D9-426A211D8BAB}.Release|Any CPU.Build.0 = Release|Any CPU
	EndGlobalSection
	GlobalSection(SolutionProperties) = preSolution
		HideSolutionNode = FALSE
	EndGlobalSection
	GlobalSection(ExtensibilityGlobals) = postSolution
		SolutionGuid = {1167EFD6-97BB-4348-80E4-252473E18344}
	EndGlobalSection
EndGlobal
